
Microsoft Visual Studio Solution File, Format Version 12.00
# Visual Studio 15
VisualStudioVersion = 15.0.27130.2026
MinimumVisualStudioVersion = 10.0.40219.1
Project("{FAE04EC0-301F-11D3-BF4B-00C04F79EFBC}") = "InjectionAttackGUI", "InjectionAttackGUI.csproj", "{1E682ADE-7260-413A-AA98-79F451BEF61B}"
EndProject
Global
	GlobalSection(SolutionConfigurationPlatforms) = preSolution
		Debug|Any CPU = Debug|Any CPU
		Release|Any CPU = Release|Any CPU
	EndGlobalSection
	GlobalSection(ProjectConfigurationPlatforms) = postSolution
		{1E682ADE-7260-413A-AA98-79F451BEF61B}.Debug|Any CPU.ActiveCfg = Debug|Any CPU
		{1E682ADE-7260-413A-AA98-79F451BEF61B}.Debug|Any CPU.Build.0 = Debug|Any CPU
		{1E682ADE-7260-413A-AA98-79F451BEF61B}.Release|Any CPU.ActiveCfg = Release|Any CPU
		{1E682ADE-7260-413A-AA98-79F451BEF61B}.Release|Any CPU.Build.0 = Release|Any CPU
	EndGlobalSection
	GlobalSection(SolutionProperties) = preSolution
		HideSolutionNode = FALSE
	EndGlobalSection
	GlobalSection(ExtensibilityGlobals) = postSolution
		SolutionGuid = {1225E442-95A9-409C-8E27-3C827CE99214}
	EndGlobalSection
EndGlobal
